{
  "name": "egg-passport-multi-type",
  "version": "1.0.0",
  "lockfileVersion": 1,
  "requires": true,
  "dependencies": {
    "passport-multi-type": {
      "version": "1.0.0",
      "resolved": "https://registry.npmjs.org/passport-multi-type/-/passport-multi-type-1.0.0.tgz",
      "integrity": "sha512-xURE6j3ltgsqooFHUIYSKwi4x+WWmdxHOKKHyMVWmJO2XGGf5u8ABTHJvxyK33hG2/2cbjpmqSt5SPMOgSBdJg==",
      "requires": {
        "passport-strategy": "1.0.0"
      }
    },
    "passport-strategy": {
      "version": "1.0.0",
      "resolved": "https://registry.npmjs.org/passport-strategy/-/passport-strategy-1.0.0.tgz",
      "integrity": "sha1-tVOaqPwiWj0a0XlHbd8ja0QPUuQ="
    }
  }
}
